
Microsoft Visual Studio Solution File, Format Version 12.00
# Visual Studio 15
Project("{FAE04EC0-301F-11D3-BF4B-00C04F79EFBC}") = "BaazigarBot", "BaazigarBot\BaazigarBot.csproj", "{6460DB33-876A-4274-9962-05AFEE7FA4AC}"
EndProject
Global
	GlobalSection(SolutionConfigurationPlatforms) = preSolution
		Debug|anycpu = Debug|anycpu
		Release|anycpu = Release|anycpu
	EndGlobalSection
	GlobalSection(ProjectConfigurationPlatforms) = postSolution
		{6460DB33-876A-4274-9962-05AFEE7FA4AC}.Debug|anycpu.ActiveCfg = Debug|anycpu
		{6460DB33-876A-4274-9962-05AFEE7FA4AC}.Debug|anycpu.Build.0 = Debug|anycpu
		{6460DB33-876A-4274-9962-05AFEE7FA4AC}.Release|anycpu.ActiveCfg = Release|anycpu
		{6460DB33-876A-4274-9962-05AFEE7FA4AC}.Release|anycpu.Build.0 = Release|anycpu
	EndGlobalSection
EndGlobal
